
Microsoft Visual Studio Solution File, Format Version 12.00
# Visual Studio Version 17
VisualStudioVersion = 17.9.34728.123
MinimumVisualStudioVersion = 10.0.40219.1
Project("{FAE04EC0-301F-11D3-BF4B-00C04F79EFBC}") = "StudentsTestAPI", "StudentsTestAPI\StudentsTestAPI.csproj", "{43858781-AFE4-4C3F-8C6D-54FAD885A217}"
EndProject
Global
	GlobalSection(SolutionConfigurationPlatforms) = preSolution
		Debug|Any CPU = Debug|Any CPU
		Release|Any CPU = Release|Any CPU
	EndGlobalSection
	GlobalSection(ProjectConfigurationPlatforms) = postSolution
		{43858781-AFE4-4C3F-8C6D-54FAD885A217}.Debug|Any CPU.ActiveCfg = Debug|Any CPU
		{43858781-AFE4-4C3F-8C6D-54FAD885A217}.Debug|Any CPU.Build.0 = Debug|Any CPU
		{43858781-AFE4-4C3F-8C6D-54FAD885A217}.Release|Any CPU.ActiveCfg = Release|Any CPU
		{43858781-AFE4-4C3F-8C6D-54FAD885A217}.Release|Any CPU.Build.0 = Release|Any CPU
	EndGlobalSection
	GlobalSection(SolutionProperties) = preSolution
		HideSolutionNode = FALSE
	EndGlobalSection
	GlobalSection(ExtensibilityGlobals) = postSolution
		SolutionGuid = {EF6C1600-A3E7-4CC8-8DA0-A024ADA2B63B}
	EndGlobalSection
EndGlobal
